id: equisat_decoder_equisat_4fsk_block_decode
label: EQUiSat 4FSK Block Decoder
category: '[EQUiSat Decoder]'

templates:
  imports: import equisat_decoder
  make: equisat_decoder.equisat_4fsk_block_decode(${msg_size}, ${print_packets})

#  Make one 'parameters' list entry for every Parameter you want settable from the GUI.
#     Sub-entries of dictionary:
#     * id (makes the value accessible as \$keyname, e.g. in the make entry)
#     * label
#     * dtype 
parameters:
- id: msg_size
  label: 'Message size (bytes)'
  dtype: int
  default: 255
- id: print_packets
  label: Print Packets
  dtype: bool
  default: False

#  Make one 'inputs' list entry per input. Sub-entries of dictionary:
#      * label (an identifier for the GUI)
#      * domain
#      * dtype
#      * vlen
#      * optional (set to 1 for optional inputs) 
inputs:
- label: in
  domain: message

#  Make one 'outputs' list entry per output. Sub-entries of dictionary:
#      * label (an identifier for the GUI)
#      * dtype
#      * vlen
#      * optional (set to 1 for optional inputs) 
outputs:
- label: out
  domain: message

file_format: 1
